
Microsoft Visual Studio Solution File, Format Version 12.00
# Visual Studio Version 16
VisualStudioVersion = 16.0.28729.10
MinimumVisualStudioVersion = 10.0.40219.1
Project("{FAE04EC0-301F-11D3-BF4B-00C04F79EFBC}") = "JiraTask", "JiraTask\JiraTask.csproj", "{616FFBCC-36EB-498B-8C89-533A4D429F2C}"
EndProject
Project("{FAE04EC0-301F-11D3-BF4B-00C04F79EFBC}") = "JiraTask.Business", "JiraTask.Business\JiraTask.Business.csproj", "{D1B4B4E6-F70D-4193-A511-BF8BB3D17B8C}"
EndProject
Global
	GlobalSection(SolutionConfigurationPlatforms) = preSolution
		Debug|Any CPU = Debug|Any CPU
		Release|Any CPU = Release|Any CPU
	EndGlobalSection
	GlobalSection(ProjectConfigurationPlatforms) = postSolution
		{616FFBCC-36EB-498B-8C89-533A4D429F2C}.Debug|Any CPU.ActiveCfg = Debug|Any CPU
		{616FFBCC-36EB-498B-8C89-533A4D429F2C}.Debug|Any CPU.Build.0 = Debug|Any CPU
		{616FFBCC-36EB-498B-8C89-533A4D429F2C}.Release|Any CPU.ActiveCfg = Release|Any CPU
		{616FFBCC-36EB-498B-8C89-533A4D429F2C}.Release|Any CPU.Build.0 = Release|Any CPU
		{D1B4B4E6-F70D-4193-A511-BF8BB3D17B8C}.Debug|Any CPU.ActiveCfg = Debug|Any CPU
		{D1B4B4E6-F70D-4193-A511-BF8BB3D17B8C}.Debug|Any CPU.Build.0 = Debug|Any CPU
		{D1B4B4E6-F70D-4193-A511-BF8BB3D17B8C}.Release|Any CPU.ActiveCfg = Release|Any CPU
		{D1B4B4E6-F70D-4193-A511-BF8BB3D17B8C}.Release|Any CPU.Build.0 = Release|Any CPU
	EndGlobalSection
	GlobalSection(SolutionProperties) = preSolution
		HideSolutionNode = FALSE
	EndGlobalSection
	GlobalSection(ExtensibilityGlobals) = postSolution
		SolutionGuid = {28EBC827-3054-4CC0-9140-768168AA4540}
	EndGlobalSection
EndGlobal
